
Microsoft Visual Studio Solution File, Format Version 12.00
# Visual Studio 15
VisualStudioVersion = 15.0.28307.329
MinimumVisualStudioVersion = 10.0.40219.1
Project("{FAE04EC0-301F-11D3-BF4B-00C04F79EFBC}") = "04_Lopukhina", "04_Lopukhina\04_Lopukhina.csproj", "{CF3BDBB2-7BD0-4378-A36E-C0B785651933}"
EndProject
Global
	GlobalSection(SolutionConfigurationPlatforms) = preSolution
		Debug|Any CPU = Debug|Any CPU
		Release|Any CPU = Release|Any CPU
	EndGlobalSection
	GlobalSection(ProjectConfigurationPlatforms) = postSolution
		{CF3BDBB2-7BD0-4378-A36E-C0B785651933}.Debug|Any CPU.ActiveCfg = Debug|Any CPU
		{CF3BDBB2-7BD0-4378-A36E-C0B785651933}.Debug|Any CPU.Build.0 = Debug|Any CPU
		{CF3BDBB2-7BD0-4378-A36E-C0B785651933}.Release|Any CPU.ActiveCfg = Release|Any CPU
		{CF3BDBB2-7BD0-4378-A36E-C0B785651933}.Release|Any CPU.Build.0 = Release|Any CPU
	EndGlobalSection
	GlobalSection(SolutionProperties) = preSolution
		HideSolutionNode = FALSE
	EndGlobalSection
	GlobalSection(ExtensibilityGlobals) = postSolution
		SolutionGuid = {DBAAF294-D342-4248-9E06-A3C3C5CA3CB4}
	EndGlobalSection
EndGlobal
